// !$*UTF8*$!
{
	archiveVersion = 1;
	classes = {
	};
	objectVersion = 48;
	objects = {

/* Begin PBXBuildFile section */
		044673FB201A6F8B0013A581 /* PostsRouting.swift in Sources */ = {isa = PBXBuildFile; fileRef = 044673FA201A6F8B0013A581 /* PostsRouting.swift */; };
		044673FE201A71810013A581 /* InternalHelper.swift in Sources */ = {isa = PBXBuildFile; fileRef = 044673FD201A71810013A581 /* InternalHelper.swift */; };
		04C7176A200FFEFF00754519 /* PostViewController.swift in Sources */ = {isa = PBXBuildFile; fileRef = 04C71769200FFEFF00754519 /* PostViewController.swift */; };
		04C7176C200FFF3600754519 /* PostViewModel.swift in Sources */ = {isa = PBXBuildFile; fileRef = 04C7176B200FFF3600754519 /* PostViewModel.swift */; };
		04C927E5200EB6F0006C069A /* AppDelegate.swift in Sources */ = {isa = PBXBuildFile; fileRef = 04C927E4200EB6F0006C069A /* AppDelegate.swift */; };
		04C927E7200EB6F0006C069A /* PostsViewController.swift in Sources */ = {isa = PBXBuildFile; fileRef = 04C927E6200EB6F0006C069A /* PostsViewController.swift */; };
		04C927EA200EB6F0006C069A /* Main.storyboard in Resources */ = {isa = PBXBuildFile; fileRef = 04C927E8200EB6F0006C069A /* Main.storyboard */; };
		04C927EF200EB6F0006C069A /* Assets.xcassets in Resources */ = {isa = PBXBuildFile; fileRef = 04C927EE200EB6F0006C069A /* Assets.xcassets */; };
		04C927F2200EB6F0006C069A /* LaunchScreen.storyboard in Resources */ = {isa = PBXBuildFile; fileRef = 04C927F0200EB6F0006C069A /* LaunchScreen.storyboard */; };
		04C927FB200EBA19006C069A /* RequestService.swift in Sources */ = {isa = PBXBuildFile; fileRef = 04C927FA200EBA19006C069A /* RequestService.swift */; };
		04C927FD200EBAC8006C069A /* Network.swift in Sources */ = {isa = PBXBuildFile; fileRef = 04C927FC200EBAC8006C069A /* Network.swift */; };
		04C92800200EBFF7006C069A /* Post.swift in Sources */ = {isa = PBXBuildFile; fileRef = 04C927FF200EBFF7006C069A /* Post.swift */; };
		04C92802200EC1E3006C069A /* PostsViewModel.swift in Sources */ = {isa = PBXBuildFile; fileRef = 04C92801200EC1E3006C069A /* PostsViewModel.swift */; };
		04DC6C70200F274500EDCE0C /* NetworkError.swift in Sources */ = {isa = PBXBuildFile; fileRef = 04DC6C6F200F274500EDCE0C /* NetworkError.swift */; };
		04FF2410200FA69600C972BE /* PostTableViewCell.swift in Sources */ = {isa = PBXBuildFile; fileRef = 04FF240F200FA69600C972BE /* PostTableViewCell.swift */; };
		2E016DC50597955526A99AAF /* Pods_testBlog.framework in Frameworks */ = {isa = PBXBuildFile; fileRef = 441F283B74A95455BFC568EC /* Pods_testBlog.framework */; };
/* End PBXBuildFile section */

/* Begin PBXFileReference section */
		044673FA201A6F8B0013A581 /* PostsRouting.swift */ = {isa = PBXFileReference; lastKnownFileType = sourcecode.swift; path = PostsRouting.swift; sourceTree = "<group>"; };
		044673FD201A71810013A581 /* InternalHelper.swift */ = {isa = PBXFileReference; lastKnownFileType = sourcecode.swift; path = InternalHelper.swift; sourceTree = "<group>"; };
		04C71769200FFEFF00754519 /* PostViewController.swift */ = {isa = PBXFileReference; lastKnownFileType = sourcecode.swift; path = PostViewController.swift; sourceTree = "<group>"; };
		04C7176B200FFF3600754519 /* PostViewModel.swift */ = {isa = PBXFileReference; lastKnownFileType = sourcecode.swift; path = PostViewModel.swift; sourceTree = "<group>"; };
		04C927E1200EB6F0006C069A /* testBlog.app */ = {isa = PBXFileReference; explicitFileType = wrapper.application; includeInIndex = 0; path = testBlog.app; sourceTree = BUILT_PRODUCTS_DIR; };
		04C927E4200EB6F0006C069A /* AppDelegate.swift */ = {isa = PBXFileReference; lastKnownFileType = sourcecode.swift; path = AppDelegate.swift; sourceTree = "<group>"; };
		04C927E6200EB6F0006C069A /* PostsViewController.swift */ = {isa = PBXFileReference; lastKnownFileType = sourcecode.swift; path = PostsViewController.swift; sourceTree = "<group>"; };
		04C927E9200EB6F0006C069A /* Base */ = {isa = PBXFileReference; lastKnownFileType = file.storyboard; name = Base; path = Base.lproj/Main.storyboard; sourceTree = "<group>"; };
		04C927EE200EB6F0006C069A /* Assets.xcassets */ = {isa = PBXFileReference; lastKnownFileType = folder.assetcatalog; path = Assets.xcassets; sourceTree = "<group>"; };
		04C927F1200EB6F0006C069A /* Base */ = {isa = PBXFileReference; lastKnownFileType = file.storyboard; name = Base; path = Base.lproj/LaunchScreen.storyboard; sourceTree = "<group>"; };
		04C927F3200EB6F0006C069A /* Info.plist */ = {isa = PBXFileReference; lastKnownFileType = text.plist.xml; path = Info.plist; sourceTree = "<group>"; };
		04C927FA200EBA19006C069A /* RequestService.swift */ = {isa = PBXFileReference; lastKnownFileType = sourcecode.swift; path = RequestService.swift; sourceTree = "<group>"; };
		04C927FC200EBAC8006C069A /* Network.swift */ = {isa = PBXFileReference; lastKnownFileType = sourcecode.swift; path = Network.swift; sourceTree = "<group>"; };
		04C927FF200EBFF7006C069A /* Post.swift */ = {isa = PBXFileReference; lastKnownFileType = sourcecode.swift; path = Post.swift; sourceTree = "<group>"; };
		04C92801200EC1E3006C069A /* PostsViewModel.swift */ = {isa = PBXFileReference; lastKnownFileType = sourcecode.swift; path = PostsViewModel.swift; sourceTree = "<group>"; };
		04DC6C6F200F274500EDCE0C /* NetworkError.swift */ = {isa = PBXFileReference; lastKnownFileType = sourcecode.swift; path = NetworkError.swift; sourceTree = "<group>"; };
		04FF240F200FA69600C972BE /* PostTableViewCell.swift */ = {isa = PBXFileReference; lastKnownFileType = sourcecode.swift; path = PostTableViewCell.swift; sourceTree = "<group>"; };
		441F283B74A95455BFC568EC /* Pods_testBlog.framework */ = {isa = PBXFileReference; explicitFileType = wrapper.framework; includeInIndex = 0; path = Pods_testBlog.framework; sourceTree = BUILT_PRODUCTS_DIR; };
		A5E401E408903B2AA3D0B3DE /* Pods-testBlog.debug.xcconfig */ = {isa = PBXFileReference; includeInIndex = 1; lastKnownFileType = text.xcconfig; name = "Pods-testBlog.debug.xcconfig"; path = "Pods/Target Support Files/Pods-testBlog/Pods-testBlog.debug.xcconfig"; sourceTree = "<group>"; };
		B76AFAC5385EB4A7A6B81C3C /* Pods-testBlog.release.xcconfig */ = {isa = PBXFileReference; includeInIndex = 1; lastKnownFileType = text.xcconfig; name = "Pods-testBlog.release.xcconfig"; path = "Pods/Target Support Files/Pods-testBlog/Pods-testBlog.release.xcconfig"; sourceTree = "<group>"; };
/* End PBXFileReference section */

/* Begin PBXFrameworksBuildPhase section */
		04C927DE200EB6EF006C069A /* Frameworks */ = {
			isa = PBXFrameworksBuildPhase;
			buildActionMask = 2147483647;
			files = (
				2E016DC50597955526A99AAF /* Pods_testBlog.framework in Frameworks */,
			);
			runOnlyForDeploymentPostprocessing = 0;
		};
/* End PBXFrameworksBuildPhase section */

/* Begin PBXGroup section */
		044673FC201A71610013A581 /* Internal Helpers */ = {
			isa = PBXGroup;
			children = (
				044673FD201A71810013A581 /* InternalHelper.swift */,
			);
			path = "Internal Helpers";
			sourceTree = "<group>";
		};
		04C71768200FFEE000754519 /* Post */ = {
			isa = PBXGroup;
			children = (
				04C71769200FFEFF00754519 /* PostViewController.swift */,
				04C7176B200FFF3600754519 /* PostViewModel.swift */,
			);
			path = Post;
			sourceTree = "<group>";
		};
		04C927D8200EB6EF006C069A = {
			isa = PBXGroup;
			children = (
				04C927E3200EB6F0006C069A /* testBlog */,
				04C927E2200EB6F0006C069A /* Products */,
				E8205B8F86E8C518AFE25F2B /* Pods */,
				DBD9680AD3EF6A197C8F291E /* Frameworks */,
			);
			sourceTree = "<group>";
		};
		04C927E2200EB6F0006C069A /* Products */ = {
			isa = PBXGroup;
			children = (
				04C927E1200EB6F0006C069A /* testBlog.app */,
			);
			name = Products;
			sourceTree = "<group>";
		};
		04C927E3200EB6F0006C069A /* testBlog */ = {
			isa = PBXGroup;
			children = (
				04C927E4200EB6F0006C069A /* AppDelegate.swift */,
				044673FC201A71610013A581 /* Internal Helpers */,
				04C927F9200EBA09006C069A /* Services */,
				04C927FE200EBFE5006C069A /* Models */,
				04C92803200EC206006C069A /* Posts */,
				04C71768200FFEE000754519 /* Post */,
				04C927E8200EB6F0006C069A /* Main.storyboard */,
				04C927EE200EB6F0006C069A /* Assets.xcassets */,
				04C927F0200EB6F0006C069A /* LaunchScreen.storyboard */,
				04C927F3200EB6F0006C069A /* Info.plist */,
			);
			path = testBlog;
			sourceTree = "<group>";
		};
		04C927F9200EBA09006C069A /* Services */ = {
			isa = PBXGroup;
			children = (
				04DC6C6F200F274500EDCE0C /* NetworkError.swift */,
				04C927FC200EBAC8006C069A /* Network.swift */,
				04C927FA200EBA19006C069A /* RequestService.swift */,
			);
			path = Services;
			sourceTree = "<group>";
		};
		04C927FE200EBFE5006C069A /* Models */ = {
			isa = PBXGroup;
			children = (
				04C927FF200EBFF7006C069A /* Post.swift */,
			);
			path = Models;
			sourceTree = "<group>";
		};
		04C92803200EC206006C069A /* Posts */ = {
			isa = PBXGroup;
			children = (
				04C927E6200EB6F0006C069A /* PostsViewController.swift */,
				04C92801200EC1E3006C069A /* PostsViewModel.swift */,
				044673FA201A6F8B0013A581 /* PostsRouting.swift */,
				04FF240E200FA67300C972BE /* Cell */,
			);
			path = Posts;
			sourceTree = "<group>";
		};
		04FF240E200FA67300C972BE /* Cell */ = {
			isa = PBXGroup;
			children = (
				04FF240F200FA69600C972BE /* PostTableViewCell.swift */,
			);
			path = Cell;
			sourceTree = "<group>";
		};
		DBD9680AD3EF6A197C8F291E /* Frameworks */ = {
			isa = PBXGroup;
			children = (
				441F283B74A95455BFC568EC /* Pods_testBlog.framework */,
			);
			name = Frameworks;
			sourceTree = "<group>";
		};
		E8205B8F86E8C518AFE25F2B /* Pods */ = {
			isa = PBXGroup;
			children = (
				A5E401E408903B2AA3D0B3DE /* Pods-testBlog.debug.xcconfig */,
				B76AFAC5385EB4A7A6B81C3C /* Pods-testBlog.release.xcconfig */,
			);
			name = Pods;
			sourceTree = "<group>";
		};
/* End PBXGroup section */

/* Begin PBXNativeTarget section */
		04C927E0200EB6EF006C069A /* testBlog */ = {
			isa = PBXNativeTarget;
			buildConfigurationList = 04C927F6200EB6F0006C069A /* Build configuration list for PBXNativeTarget "testBlog" */;
			buildPhases = (
				C12CE2212C92F709BD7DF795 /* [CP] Check Pods Manifest.lock */,
				04C927DD200EB6EF006C069A /* Sources */,
				04C927DE200EB6EF006C069A /* Frameworks */,
				04C927DF200EB6EF006C069A /* Resources */,
				C50B2943AFF5333E4146ED6F /* [CP] Embed Pods Frameworks */,
				4AADA0274B35B33CDEDB754F /* [CP] Copy Pods Resources */,
			);
			buildRules = (
			);
			dependencies = (
			);
			name = testBlog;
			productName = testBlog;
			productReference = 04C927E1200EB6F0006C069A /* testBlog.app */;
			productType = "com.apple.product-type.application";
		};
/* End PBXNativeTarget section */

/* Begin PBXProject section */
		04C927D9200EB6EF006C069A /* Project object */ = {
			isa = PBXProject;
			attributes = {
				LastSwiftUpdateCheck = 0920;
				LastUpgradeCheck = 0920;
				ORGANIZATIONNAME = Mac;
				TargetAttributes = {
					04C927E0200EB6EF006C069A = {
						CreatedOnToolsVersion = 9.2;
						ProvisioningStyle = Automatic;
					};
				};
			};
			buildConfigurationList = 04C927DC200EB6EF006C069A /* Build configuration list for PBXProject "testBlog" */;
			compatibilityVersion = "Xcode 8.0";
			developmentRegion = en;
			hasScannedForEncodings = 0;
			knownRegions = (
				en,
				Base,
			);
			mainGroup = 04C927D8200EB6EF006C069A;
			productRefGroup = 04C927E2200EB6F0006C069A /* Products */;
			projectDirPath = "";
			projectRoot = "";
			targets = (
				04C927E0200EB6EF006C069A /* testBlog */,
			);
		};
/* End PBXProject section */

/* Begin PBXResourcesBuildPhase section */
		04C927DF200EB6EF006C069A /* Resources */ = {
			isa = PBXResourcesBuildPhase;
			buildActionMask = 2147483647;
			files = (
				04C927F2200EB6F0006C069A /* LaunchScreen.storyboard in Resources */,
				04C927EF200EB6F0006C069A /* Assets.xcassets in Resources */,
				04C927EA200EB6F0006C069A /* Main.storyboard in Resources */,
			);
			runOnlyForDeploymentPostprocessing = 0;
		};
/* End PBXResourcesBuildPhase section */

/* Begin PBXShellScriptBuildPhase section */
		4AADA0274B35B33CDEDB754F /* [CP] Copy Pods Resources */ = {
			isa = PBXShellScriptBuildPhase;
			buildActionMask = 2147483647;
			files = (
			);
			inputPaths = (
			);
			name = "[CP] Copy Pods Resources";
			outputPaths = (
			);
			runOnlyForDeploymentPostprocessing = 0;
			shellPath = /bin/sh;
			shellScript = "\"${SRCROOT}/Pods/Target Support Files/Pods-testBlog/Pods-testBlog-resources.sh\"\n";
			showEnvVarsInLog = 0;
		};
		C12CE2212C92F709BD7DF795 /* [CP] Check Pods Manifest.lock */ = {
			isa = PBXShellScriptBuildPhase;
			buildActionMask = 2147483647;
			files = (
			);
			inputPaths = (
				"${PODS_PODFILE_DIR_PATH}/Podfile.lock",
				"${PODS_ROOT}/Manifest.lock",
			);
			name = "[CP] Check Pods Manifest.lock";
			outputPaths = (
				"$(DERIVED_FILE_DIR)/Pods-testBlog-checkManifestLockResult.txt",
			);
			runOnlyForDeploymentPostprocessing = 0;
			shellPath = /bin/sh;
			shellScript = "diff \"${PODS_PODFILE_DIR_PATH}/Podfile.lock\" \"${PODS_ROOT}/Manifest.lock\" > /dev/null\nif [ $? != 0 ] ; then\n    # print error to STDERR\n    echo \"error: The sandbox is not in sync with the Podfile.lock. Run 'pod install' or update your CocoaPods installation.\" >&2\n    exit 1\nfi\n# This output is used by Xcode 'outputs' to avoid re-running this script phase.\necho \"SUCCESS\" > \"${SCRIPT_OUTPUT_FILE_0}\"\n";
			showEnvVarsInLog = 0;
		};
		C50B2943AFF5333E4146ED6F /* [CP] Embed Pods Frameworks */ = {
			isa = PBXShellScriptBuildPhase;
			buildActionMask = 2147483647;
			files = (
			);
			inputPaths = (
				"${SRCROOT}/Pods/Target Support Files/Pods-testBlog/Pods-testBlog-frameworks.sh",
				"${BUILT_PRODUCTS_DIR}/Alamofire/Alamofire.framework",
				"${BUILT_PRODUCTS_DIR}/Differentiator/Differentiator.framework",
				"${BUILT_PRODUCTS_DIR}/RxAlamofire/RxAlamofire.framework",
				"${BUILT_PRODUCTS_DIR}/RxCocoa/RxCocoa.framework",
				"${BUILT_PRODUCTS_DIR}/RxDataSources/RxDataSources.framework",
				"${BUILT_PRODUCTS_DIR}/RxSwift/RxSwift.framework",
			);
			name = "[CP] Embed Pods Frameworks";
			outputPaths = (
				"${TARGET_BUILD_DIR}/${FRAMEWORKS_FOLDER_PATH}/Alamofire.framework",
				"${TARGET_BUILD_DIR}/${FRAMEWORKS_FOLDER_PATH}/Differentiator.framework",
				"${TARGET_BUILD_DIR}/${FRAMEWORKS_FOLDER_PATH}/RxAlamofire.framework",
				"${TARGET_BUILD_DIR}/${FRAMEWORKS_FOLDER_PATH}/RxCocoa.framework",
				"${TARGET_BUILD_DIR}/${FRAMEWORKS_FOLDER_PATH}/RxDataSources.framework",
				"${TARGET_BUILD_DIR}/${FRAMEWORKS_FOLDER_PATH}/RxSwift.framework",
			);
			runOnlyForDeploymentPostprocessing = 0;
			shellPath = /bin/sh;
			shellScript = "\"${SRCROOT}/Pods/Target Support Files/Pods-testBlog/Pods-testBlog-frameworks.sh\"\n";
			showEnvVarsInLog = 0;
		};
/* End PBXShellScriptBuildPhase section */

/* Begin PBXSourcesBuildPhase section */
		04C927DD200EB6EF006C069A /* Sources */ = {
			isa = PBXSourcesBuildPhase;
			buildActionMask = 2147483647;
			files = (
				04C7176A200FFEFF00754519 /* PostViewController.swift in Sources */,
				04C927FD200EBAC8006C069A /* Network.swift in Sources */,
				04C927E7200EB6F0006C069A /* PostsViewController.swift in Sources */,
				04DC6C70200F274500EDCE0C /* NetworkError.swift in Sources */,
				04FF2410200FA69600C972BE /* PostTableViewCell.swift in Sources */,
				04C92800200EBFF7006C069A /* Post.swift in Sources */,
				04C927FB200EBA19006C069A /* RequestService.swift in Sources */,
				04C927E5200EB6F0006C069A /* AppDelegate.swift in Sources */,
				044673FE201A71810013A581 /* InternalHelper.swift in Sources */,
				04C92802200EC1E3006C069A /* PostsViewModel.swift in Sources */,
				044673FB201A6F8B0013A581 /* PostsRouting.swift in Sources */,
				04C7176C200FFF3600754519 /* PostViewModel.swift in Sources */,
			);
			runOnlyForDeploymentPostprocessing = 0;
		};
/* End PBXSourcesBuildPhase section */

/* Begin PBXVariantGroup section */
		04C927E8200EB6F0006C069A /* Main.storyboard */ = {
			isa = PBXVariantGroup;
			children = (
				04C927E9200EB6F0006C069A /* Base */,
			);
			name = Main.storyboard;
			sourceTree = "<group>";
		};
		04C927F0200EB6F0006C069A /* LaunchScreen.storyboard */ = {
			isa = PBXVariantGroup;
			children = (
				04C927F1200EB6F0006C069A /* Base */,
			);
			name = LaunchScreen.storyboard;
			sourceTree = "<group>";
		};
/* End PBXVariantGroup section */

/* Begin XCBuildConfiguration section */
		04C927F4200EB6F0006C069A /* Debug */ = {
			isa = XCBuildConfiguration;
			buildSettings = {
				ALWAYS_SEARCH_USER_PATHS = NO;
				CLANG_ANALYZER_NONNULL = YES;
				CLANG_ANALYZER_NUMBER_OBJECT_CONVERSION = YES_AGGRESSIVE;
				CLANG_CXX_LANGUAGE_STANDARD = "gnu++14";
				CLANG_CXX_LIBRARY = "libc++";
				CLANG_ENABLE_MODULES = YES;
				CLANG_ENABLE_OBJC_ARC = YES;
				CLANG_WARN_BLOCK_CAPTURE_AUTORELEASING = YES;
				CLANG_WARN_BOOL_CONVERSION = YES;
				CLANG_WARN_COMMA = YES;
				CLANG_WARN_CONSTANT_CONVERSION = YES;
				CLANG_WARN_DIRECT_OBJC_ISA_USAGE = YES_ERROR;
				CLANG_WARN_DOCUMENTATION_COMMENTS = YES;
				CLANG_WARN_EMPTY_BODY = YES;
				CLANG_WARN_ENUM_CONVERSION = YES;
				CLANG_WARN_INFINITE_RECURSION = YES;
				CLANG_WARN_INT_CONVERSION = YES;
				CLANG_WARN_NON_LITERAL_NULL_CONVERSION = YES;
				CLANG_WARN_OBJC_LITERAL_CONVERSION = YES;
				CLANG_WARN_OBJC_ROOT_CLASS = YES_ERROR;
				CLANG_WARN_RANGE_LOOP_ANALYSIS = YES;
				CLANG_WARN_STRICT_PROTOTYPES = YES;
				CLANG_WARN_SUSPICIOUS_MOVE = YES;
				CLANG_WARN_UNGUARDED_AVAILABILITY = YES_AGGRESSIVE;
				CLANG_WARN_UNREACHABLE_CODE = YES;
				CLANG_WARN__DUPLICATE_METHOD_MATCH = YES;
				CODE_SIGN_IDENTITY = "iPhone Developer";
				COPY_PHASE_STRIP = NO;
				DEBUG_INFORMATION_FORMAT = dwarf;
				ENABLE_STRICT_OBJC_MSGSEND = YES;
				ENABLE_TESTABILITY = YES;
				GCC_C_LANGUAGE_STANDARD = gnu11;
				GCC_DYNAMIC_NO_PIC = NO;
				GCC_NO_COMMON_BLOCKS = YES;
				GCC_OPTIMIZATION_LEVEL = 0;
				GCC_PREPROCESSOR_DEFINITIONS = (
					"DEBUG=1",
					"$(inherited)",
				);
				GCC_WARN_64_TO_32_BIT_CONVERSION = YES;
				GCC_WARN_ABOUT_RETURN_TYPE = YES_ERROR;
				GCC_WARN_UNDECLARED_SELECTOR = YES;
				GCC_WARN_UNINITIALIZED_AUTOS = YES_AGGRESSIVE;
				GCC_WARN_UNUSED_FUNCTION = YES;
				GCC_WARN_UNUSED_VARIABLE = YES;
				IPHONEOS_DEPLOYMENT_TARGET = 11.2;
				MTL_ENABLE_DEBUG_INFO = YES;
				ONLY_ACTIVE_ARCH = YES;
				SDKROOT = iphoneos;
				SWIFT_ACTIVE_COMPILATION_CONDITIONS = DEBUG;
				SWIFT_OPTIMIZATION_LEVEL = "-Onone";
			};
			name = Debug;
		};
		04C927F5200EB6F0006C069A /* Release */ = {
			isa = XCBuildConfiguration;
			buildSettings = {
				ALWAYS_SEARCH_USER_PATHS = NO;
				CLANG_ANALYZER_NONNULL = YES;
				CLANG_ANALYZER_NUMBER_OBJECT_CONVERSION = YES_AGGRESSIVE;
				CLANG_CXX_LANGUAGE_STANDARD = "gnu++14";
				CLANG_CXX_LIBRARY = "libc++";
				CLANG_ENABLE_MODULES = YES;
				CLANG_ENABLE_OBJC_ARC = YES;
				CLANG_WARN_BLOCK_CAPTURE_AUTORELEASING = YES;
				CLANG_WARN_BOOL_CONVERSION = YES;
				CLANG_WARN_COMMA = YES;
				CLANG_WARN_CONSTANT_CONVERSION = YES;
				CLANG_WARN_DIRECT_OBJC_ISA_USAGE = YES_ERROR;
				CLANG_WARN_DOCUMENTATION_COMMENTS = YES;
				CLANG_WARN_EMPTY_BODY = YES;
				CLANG_WARN_ENUM_CONVERSION = YES;
				CLANG_WARN_INFINITE_RECURSION = YES;
				CLANG_WARN_INT_CONVERSION = YES;
				CLANG_WARN_NON_LITERAL_NULL_CONVERSION = YES;
				CLANG_WARN_OBJC_LITERAL_CONVERSION = YES;
				CLANG_WARN_OBJC_ROOT_CLASS = YES_ERROR;
				CLANG_WARN_RANGE_LOOP_ANALYSIS = YES;
				CLANG_WARN_STRICT_PROTOTYPES = YES;
				CLANG_WARN_SUSPICIOUS_MOVE = YES;
				CLANG_WARN_UNGUARDED_AVAILABILITY = YES_AGGRESSIVE;
				CLANG_WARN_UNREACHABLE_CODE = YES;
				CLANG_WARN__DUPLICATE_METHOD_MATCH = YES;
				CODE_SIGN_IDENTITY = "iPhone Developer";
				COPY_PHASE_STRIP = NO;
				DEBUG_INFORMATION_FORMAT = "dwarf-with-dsym";
				ENABLE_NS_ASSERTIONS = NO;
				ENABLE_STRICT_OBJC_MSGSEND = YES;
				GCC_C_LANGUAGE_STANDARD = gnu11;
				GCC_NO_COMMON_BLOCKS = YES;
				GCC_WARN_64_TO_32_BIT_CONVERSION = YES;
				GCC_WARN_ABOUT_RETURN_TYPE = YES_ERROR;
				GCC_WARN_UNDECLARED_SELECTOR = YES;
				GCC_WARN_UNINITIALIZED_AUTOS = YES_AGGRESSIVE;
				GCC_WARN_UNUSED_FUNCTION = YES;
				GCC_WARN_UNUSED_VARIABLE = YES;
				IPHONEOS_DEPLOYMENT_TARGET = 11.2;
				MTL_ENABLE_DEBUG_INFO = NO;
				SDKROOT = iphoneos;
				SWIFT_OPTIMIZATION_LEVEL = "-Owholemodule";
				VALIDATE_PRODUCT = YES;
			};
			name = Release;
		};
		04C927F7200EB6F0006C069A /* Debug */ = {
			isa = XCBuildConfiguration;
			baseConfigurationReference = A5E401E408903B2AA3D0B3DE /* Pods-testBlog.debug.xcconfig */;
			buildSettings = {
				ASSETCATALOG_COMPILER_APPICON_NAME = AppIcon;
				CODE_SIGN_STYLE = Automatic;
				DEVELOPMENT_TEAM = 53SEES3SQP;
				INFOPLIST_FILE = testBlog/Info.plist;
				LD_RUNPATH_SEARCH_PATHS = "$(inherited) @executable_path/Frameworks";
				PRODUCT_BUNDLE_IDENTIFIER = volpis.testBlog;
				PRODUCT_NAME = "$(TARGET_NAME)";
				SWIFT_VERSION = 4.0;
				TARGETED_DEVICE_FAMILY = "1,2";
			};
			name = Debug;
		};
		04C927F8200EB6F0006C069A /* Release */ = {
			isa = XCBuildConfiguration;
			baseConfigurationReference = B76AFAC5385EB4A7A6B81C3C /* Pods-testBlog.release.xcconfig */;
			buildSettings = {
				ASSETCATALOG_COMPILER_APPICON_NAME = AppIcon;
				CODE_SIGN_STYLE = Automatic;
				DEVELOPMENT_TEAM = 53SEES3SQP;
				INFOPLIST_FILE = testBlog/Info.plist;
				LD_RUNPATH_SEARCH_PATHS = "$(inherited) @executable_path/Frameworks";
				PRODUCT_BUNDLE_IDENTIFIER = volpis.testBlog;
				PRODUCT_NAME = "$(TARGET_NAME)";
				SWIFT_VERSION = 4.0;
				TARGETED_DEVICE_FAMILY = "1,2";
			};
			name = Release;
		};
/* End XCBuildConfiguration section */

/* Begin XCConfigurationList section */
		04C927DC200EB6EF006C069A /* Build configuration list for PBXProject "testBlog" */ = {
			isa = XCConfigurationList;
			buildConfigurations = (
				04C927F4200EB6F0006C069A /* Debug */,
				04C927F5200EB6F0006C069A /* Release */,
			);
			defaultConfigurationIsVisible = 0;
			defaultConfigurationName = Release;
		};
		04C927F6200EB6F0006C069A /* Build configuration list for PBXNativeTarget "testBlog" */ = {
			isa = XCConfigurationList;
			buildConfigurations = (
				04C927F7200EB6F0006C069A /* Debug */,
				04C927F8200EB6F0006C069A /* Release */,
			);
			defaultConfigurationIsVisible = 0;
			defaultConfigurationName = Release;
		};
/* End XCConfigurationList section */
	};
	rootObject = 04C927D9200EB6EF006C069A /* Project object */;
}
